
Microsoft Visual Studio Solution File, Format Version 12.00
# Visual Studio 2012
Project("{E24C65DC-7377-472B-9ABA-BC803B73C61A}") = "FoodDelicious", "..\FoodDelicious", "{4462C840-0FEE-459B-9B60-A7657FD07982}"
	ProjectSection(WebsiteProperties) = preProject
		TargetFrameworkMoniker = ".NETFramework,Version%3Dv4.5"
		Debug.AspNetCompiler.VirtualPath = "/FoodDelicious"
		Debug.AspNetCompiler.PhysicalPath = "S:\FoodDelicious\FoodDelicious\"
		Debug.AspNetCompiler.TargetPath = "PrecompiledWeb\FoodDelicious\"
		Debug.AspNetCompiler.Updateable = "true"
		Debug.AspNetCompiler.ForceOverwrite = "true"
		Debug.AspNetCompiler.FixedNames = "false"
		Debug.AspNetCompiler.Debug = "True"
		Release.AspNetCompiler.VirtualPath = "/FoodDelicious"
		Release.AspNetCompiler.PhysicalPath = "S:\FoodDelicious\FoodDelicious\"
		Release.AspNetCompiler.TargetPath = "PrecompiledWeb\FoodDelicious\"
		Release.AspNetCompiler.Updateable = "true"
		Release.AspNetCompiler.ForceOverwrite = "true"
		Release.AspNetCompiler.FixedNames = "false"
		Release.AspNetCompiler.Debug = "False"
		VWDPort = "12997"
	EndProjectSection
EndProject
Global
	GlobalSection(SolutionConfigurationPlatforms) = preSolution
		Debug|Any CPU = Debug|Any CPU
	EndGlobalSection
	GlobalSection(ProjectConfigurationPlatforms) = postSolution
		{4462C840-0FEE-459B-9B60-A7657FD07982}.Debug|Any CPU.ActiveCfg = Debug|Any CPU
		{4462C840-0FEE-459B-9B60-A7657FD07982}.Debug|Any CPU.Build.0 = Debug|Any CPU
	EndGlobalSection
	GlobalSection(SolutionProperties) = preSolution
		HideSolutionNode = FALSE
	EndGlobalSection
EndGlobal
